// !$*UTF8*$!
{
	archiveVersion = 1;
	classes = {
	};
	objectVersion = 46;
	objects = {

/* Begin PBXBuildFile section */
		ED3659A219647E1F006AF9E5 /* AppDelegate.swift in Sources */ = {isa = PBXBuildFile; fileRef = ED3659A119647E1F006AF9E5 /* AppDelegate.swift */; };
		ED3659A519647E1F006AF9E5 /* GyroTest.xcdatamodeld in Sources */ = {isa = PBXBuildFile; fileRef = ED3659A319647E1F006AF9E5 /* GyroTest.xcdatamodeld */; };
		ED3659A719647E1F006AF9E5 /* ViewController.swift in Sources */ = {isa = PBXBuildFile; fileRef = ED3659A619647E1F006AF9E5 /* ViewController.swift */; };
		ED3659AA19647E1F006AF9E5 /* Main.storyboard in Resources */ = {isa = PBXBuildFile; fileRef = ED3659A819647E1F006AF9E5 /* Main.storyboard */; };
		ED3659AC19647E1F006AF9E5 /* Images.xcassets in Resources */ = {isa = PBXBuildFile; fileRef = ED3659AB19647E1F006AF9E5 /* Images.xcassets */; };
		ED3659B819647E1F006AF9E5 /* GyroTestTests.swift in Sources */ = {isa = PBXBuildFile; fileRef = ED3659B719647E1F006AF9E5 /* GyroTestTests.swift */; };
		ED3659C219647E31006AF9E5 /* CoreMotion.framework in Frameworks */ = {isa = PBXBuildFile; fileRef = ED3659C119647E31006AF9E5 /* CoreMotion.framework */; };
		ED69612619648825003FDCBE /* GyroController.swift in Sources */ = {isa = PBXBuildFile; fileRef = ED69612519648825003FDCBE /* GyroController.swift */; };
/* End PBXBuildFile section */

/* Begin PBXContainerItemProxy section */
		ED3659B219647E1F006AF9E5 /* PBXContainerItemProxy */ = {
			isa = PBXContainerItemProxy;
			containerPortal = ED36599419647E1F006AF9E5 /* Project object */;
			proxyType = 1;
			remoteGlobalIDString = ED36599B19647E1F006AF9E5;
			remoteInfo = GyroTest;
		};
/* End PBXContainerItemProxy section */

/* Begin PBXFileReference section */
		ED36599C19647E1F006AF9E5 /* GyroTest.app */ = {isa = PBXFileReference; explicitFileType = wrapper.application; includeInIndex = 0; path = GyroTest.app; sourceTree = BUILT_PRODUCTS_DIR; };
		ED3659A019647E1F006AF9E5 /* Info.plist */ = {isa = PBXFileReference; lastKnownFileType = text.plist.xml; path = Info.plist; sourceTree = "<group>"; };
		ED3659A119647E1F006AF9E5 /* AppDelegate.swift */ = {isa = PBXFileReference; lastKnownFileType = sourcecode.swift; path = AppDelegate.swift; sourceTree = "<group>"; };
		ED3659A419647E1F006AF9E5 /* GyroTest.xcdatamodel */ = {isa = PBXFileReference; lastKnownFileType = wrapper.xcdatamodel; path = GyroTest.xcdatamodel; sourceTree = "<group>"; };
		ED3659A619647E1F006AF9E5 /* ViewController.swift */ = {isa = PBXFileReference; lastKnownFileType = sourcecode.swift; path = ViewController.swift; sourceTree = "<group>"; };
		ED3659A919647E1F006AF9E5 /* Base */ = {isa = PBXFileReference; lastKnownFileType = file.storyboard; name = Base; path = Base.lproj/Main.storyboard; sourceTree = "<group>"; };
		ED3659AB19647E1F006AF9E5 /* Images.xcassets */ = {isa = PBXFileReference; lastKnownFileType = folder.assetcatalog; path = Images.xcassets; sourceTree = "<group>"; };
		ED3659B119647E1F006AF9E5 /* GyroTestTests.xctest */ = {isa = PBXFileReference; explicitFileType = wrapper.cfbundle; includeInIndex = 0; path = GyroTestTests.xctest; sourceTree = BUILT_PRODUCTS_DIR; };
		ED3659B619647E1F006AF9E5 /* Info.plist */ = {isa = PBXFileReference; lastKnownFileType = text.plist.xml; path = Info.plist; sourceTree = "<group>"; };
		ED3659B719647E1F006AF9E5 /* GyroTestTests.swift */ = {isa = PBXFileReference; lastKnownFileType = sourcecode.swift; path = GyroTestTests.swift; sourceTree = "<group>"; };
		ED3659C119647E31006AF9E5 /* CoreMotion.framework */ = {isa = PBXFileReference; lastKnownFileType = wrapper.framework; name = CoreMotion.framework; path = System/Library/Frameworks/CoreMotion.framework; sourceTree = SDKROOT; };
		ED69612519648825003FDCBE /* GyroController.swift */ = {isa = PBXFileReference; fileEncoding = 4; lastKnownFileType = sourcecode.swift; path = GyroController.swift; sourceTree = "<group>"; };
/* End PBXFileReference section */

/* Begin PBXFrameworksBuildPhase section */
		ED36599919647E1F006AF9E5 /* Frameworks */ = {
			isa = PBXFrameworksBuildPhase;
			buildActionMask = 2147483647;
			files = (
				ED3659C219647E31006AF9E5 /* CoreMotion.framework in Frameworks */,
			);
			runOnlyForDeploymentPostprocessing = 0;
		};
		ED3659AE19647E1F006AF9E5 /* Frameworks */ = {
			isa = PBXFrameworksBuildPhase;
			buildActionMask = 2147483647;
			files = (
			);
			runOnlyForDeploymentPostprocessing = 0;
		};
/* End PBXFrameworksBuildPhase section */

/* Begin PBXGroup section */
		ED36599319647E1F006AF9E5 = {
			isa = PBXGroup;
			children = (
				ED3659C119647E31006AF9E5 /* CoreMotion.framework */,
				ED36599E19647E1F006AF9E5 /* GyroTest */,
				ED3659B419647E1F006AF9E5 /* GyroTestTests */,
				ED36599D19647E1F006AF9E5 /* Products */,
			);
			sourceTree = "<group>";
		};
		ED36599D19647E1F006AF9E5 /* Products */ = {
			isa = PBXGroup;
			children = (
				ED36599C19647E1F006AF9E5 /* GyroTest.app */,
				ED3659B119647E1F006AF9E5 /* GyroTestTests.xctest */,
			);
			name = Products;
			sourceTree = "<group>";
		};
		ED36599E19647E1F006AF9E5 /* GyroTest */ = {
			isa = PBXGroup;
			children = (
				ED3659A119647E1F006AF9E5 /* AppDelegate.swift */,
				ED3659A619647E1F006AF9E5 /* ViewController.swift */,
				ED3659A819647E1F006AF9E5 /* Main.storyboard */,
				ED3659AB19647E1F006AF9E5 /* Images.xcassets */,
				ED3659A319647E1F006AF9E5 /* GyroTest.xcdatamodeld */,
				ED36599F19647E1F006AF9E5 /* Supporting Files */,
				ED69612519648825003FDCBE /* GyroController.swift */,
			);
			path = GyroTest;
			sourceTree = "<group>";
		};
		ED36599F19647E1F006AF9E5 /* Supporting Files */ = {
			isa = PBXGroup;
			children = (
				ED3659A019647E1F006AF9E5 /* Info.plist */,
			);
			name = "Supporting Files";
			sourceTree = "<group>";
		};
		ED3659B419647E1F006AF9E5 /* GyroTestTests */ = {
			isa = PBXGroup;
			children = (
				ED3659B719647E1F006AF9E5 /* GyroTestTests.swift */,
				ED3659B519647E1F006AF9E5 /* Supporting Files */,
			);
			path = GyroTestTests;
			sourceTree = "<group>";
		};
		ED3659B519647E1F006AF9E5 /* Supporting Files */ = {
			isa = PBXGroup;
			children = (
				ED3659B619647E1F006AF9E5 /* Info.plist */,
			);
			name = "Supporting Files";
			sourceTree = "<group>";
		};
/* End PBXGroup section */

/* Begin PBXNativeTarget section */
		ED36599B19647E1F006AF9E5 /* GyroTest */ = {
			isa = PBXNativeTarget;
			buildConfigurationList = ED3659BB19647E1F006AF9E5 /* Build configuration list for PBXNativeTarget "GyroTest" */;
			buildPhases = (
				ED36599819647E1F006AF9E5 /* Sources */,
				ED36599919647E1F006AF9E5 /* Frameworks */,
				ED36599A19647E1F006AF9E5 /* Resources */,
			);
			buildRules = (
			);
			dependencies = (
			);
			name = GyroTest;
			productName = GyroTest;
			productReference = ED36599C19647E1F006AF9E5 /* GyroTest.app */;
			productType = "com.apple.product-type.application";
		};
		ED3659B019647E1F006AF9E5 /* GyroTestTests */ = {
			isa = PBXNativeTarget;
			buildConfigurationList = ED3659BE19647E1F006AF9E5 /* Build configuration list for PBXNativeTarget "GyroTestTests" */;
			buildPhases = (
				ED3659AD19647E1F006AF9E5 /* Sources */,
				ED3659AE19647E1F006AF9E5 /* Frameworks */,
				ED3659AF19647E1F006AF9E5 /* Resources */,
			);
			buildRules = (
			);
			dependencies = (
				ED3659B319647E1F006AF9E5 /* PBXTargetDependency */,
			);
			name = GyroTestTests;
			productName = GyroTestTests;
			productReference = ED3659B119647E1F006AF9E5 /* GyroTestTests.xctest */;
			productType = "com.apple.product-type.bundle.unit-test";
		};
/* End PBXNativeTarget section */

/* Begin PBXProject section */
		ED36599419647E1F006AF9E5 /* Project object */ = {
			isa = PBXProject;
			attributes = {
				LastUpgradeCheck = 0600;
				ORGANIZATIONNAME = "David Fry";
				TargetAttributes = {
					ED36599B19647E1F006AF9E5 = {
						CreatedOnToolsVersion = 6.0;
					};
					ED3659B019647E1F006AF9E5 = {
						CreatedOnToolsVersion = 6.0;
						TestTargetID = ED36599B19647E1F006AF9E5;
					};
				};
			};
			buildConfigurationList = ED36599719647E1F006AF9E5 /* Build configuration list for PBXProject "GyroTest" */;
			compatibilityVersion = "Xcode 3.2";
			developmentRegion = English;
			hasScannedForEncodings = 0;
			knownRegions = (
				en,
				Base,
			);
			mainGroup = ED36599319647E1F006AF9E5;
			productRefGroup = ED36599D19647E1F006AF9E5 /* Products */;
			projectDirPath = "";
			projectRoot = "";
			targets = (
				ED36599B19647E1F006AF9E5 /* GyroTest */,
				ED3659B019647E1F006AF9E5 /* GyroTestTests */,
			);
		};
/* End PBXProject section */

/* Begin PBXResourcesBuildPhase section */
		ED36599A19647E1F006AF9E5 /* Resources */ = {
			isa = PBXResourcesBuildPhase;
			buildActionMask = 2147483647;
			files = (
				ED3659AA19647E1F006AF9E5 /* Main.storyboard in Resources */,
				ED3659AC19647E1F006AF9E5 /* Images.xcassets in Resources */,
			);
			runOnlyForDeploymentPostprocessing = 0;
		};
		ED3659AF19647E1F006AF9E5 /* Resources */ = {
			isa = PBXResourcesBuildPhase;
			buildActionMask = 2147483647;
			files = (
			);
			runOnlyForDeploymentPostprocessing = 0;
		};
/* End PBXResourcesBuildPhase section */

/* Begin PBXSourcesBuildPhase section */
		ED36599819647E1F006AF9E5 /* Sources */ = {
			isa = PBXSourcesBuildPhase;
			buildActionMask = 2147483647;
			files = (
				ED69612619648825003FDCBE /* GyroController.swift in Sources */,
				ED3659A719647E1F006AF9E5 /* ViewController.swift in Sources */,
				ED3659A519647E1F006AF9E5 /* GyroTest.xcdatamodeld in Sources */,
				ED3659A219647E1F006AF9E5 /* AppDelegate.swift in Sources */,
			);
			runOnlyForDeploymentPostprocessing = 0;
		};
		ED3659AD19647E1F006AF9E5 /* Sources */ = {
			isa = PBXSourcesBuildPhase;
			buildActionMask = 2147483647;
			files = (
				ED3659B819647E1F006AF9E5 /* GyroTestTests.swift in Sources */,
			);
			runOnlyForDeploymentPostprocessing = 0;
		};
/* End PBXSourcesBuildPhase section */

/* Begin PBXTargetDependency section */
		ED3659B319647E1F006AF9E5 /* PBXTargetDependency */ = {
			isa = PBXTargetDependency;
			target = ED36599B19647E1F006AF9E5 /* GyroTest */;
			targetProxy = ED3659B219647E1F006AF9E5 /* PBXContainerItemProxy */;
		};
/* End PBXTargetDependency section */

/* Begin PBXVariantGroup section */
		ED3659A819647E1F006AF9E5 /* Main.storyboard */ = {
			isa = PBXVariantGroup;
			children = (
				ED3659A919647E1F006AF9E5 /* Base */,
			);
			name = Main.storyboard;
			sourceTree = "<group>";
		};
/* End PBXVariantGroup section */

/* Begin XCBuildConfiguration section */
		ED3659B919647E1F006AF9E5 /* Debug */ = {
			isa = XCBuildConfiguration;
			buildSettings = {
				ALWAYS_SEARCH_USER_PATHS = NO;
				CLANG_CXX_LANGUAGE_STANDARD = "gnu++0x";
				CLANG_CXX_LIBRARY = "libc++";
				CLANG_ENABLE_MODULES = YES;
				CLANG_ENABLE_OBJC_ARC = YES;
				CLANG_WARN_BOOL_CONVERSION = YES;
				CLANG_WARN_CONSTANT_CONVERSION = YES;
				CLANG_WARN_DIRECT_OBJC_ISA_USAGE = YES_ERROR;
				CLANG_WARN_EMPTY_BODY = YES;
				CLANG_WARN_ENUM_CONVERSION = YES;
				CLANG_WARN_INT_CONVERSION = YES;
				CLANG_WARN_OBJC_ROOT_CLASS = YES_ERROR;
				CLANG_WARN_UNREACHABLE_CODE = YES;
				CLANG_WARN__DUPLICATE_METHOD_MATCH = YES;
				"CODE_SIGN_IDENTITY[sdk=iphoneos*]" = "iPhone Developer";
				COPY_PHASE_STRIP = NO;
				ENABLE_STRICT_OBJC_MSGSEND = YES;
				GCC_C_LANGUAGE_STANDARD = gnu99;
				GCC_DYNAMIC_NO_PIC = NO;
				GCC_OPTIMIZATION_LEVEL = 0;
				GCC_PREPROCESSOR_DEFINITIONS = (
					"DEBUG=1",
					"$(inherited)",
				);
				GCC_SYMBOLS_PRIVATE_EXTERN = NO;
				GCC_WARN_64_TO_32_BIT_CONVERSION = YES;
				GCC_WARN_ABOUT_RETURN_TYPE = YES_ERROR;
				GCC_WARN_UNDECLARED_SELECTOR = YES;
				GCC_WARN_UNINITIALIZED_AUTOS = YES_AGGRESSIVE;
				GCC_WARN_UNUSED_FUNCTION = YES;
				GCC_WARN_UNUSED_VARIABLE = YES;
				IPHONEOS_DEPLOYMENT_TARGET = 8.0;
				METAL_ENABLE_DEBUG_INFO = YES;
				ONLY_ACTIVE_ARCH = YES;
				SDKROOT = iphoneos;
				SWIFT_OPTIMIZATION_LEVEL = "-Onone";
			};
			name = Debug;
		};
		ED3659BA19647E1F006AF9E5 /* Release */ = {
			isa = XCBuildConfiguration;
			buildSettings = {
				ALWAYS_SEARCH_USER_PATHS = NO;
				CLANG_CXX_LANGUAGE_STANDARD = "gnu++0x";
				CLANG_CXX_LIBRARY = "libc++";
				CLANG_ENABLE_MODULES = YES;
				CLANG_ENABLE_OBJC_ARC = YES;
				CLANG_WARN_BOOL_CONVERSION = YES;
				CLANG_WARN_CONSTANT_CONVERSION = YES;
				CLANG_WARN_DIRECT_OBJC_ISA_USAGE = YES_ERROR;
				CLANG_WARN_EMPTY_BODY = YES;
				CLANG_WARN_ENUM_CONVERSION = YES;
				CLANG_WARN_INT_CONVERSION = YES;
				CLANG_WARN_OBJC_ROOT_CLASS = YES_ERROR;
				CLANG_WARN_UNREACHABLE_CODE = YES;
				CLANG_WARN__DUPLICATE_METHOD_MATCH = YES;
				"CODE_SIGN_IDENTITY[sdk=iphoneos*]" = "iPhone Developer";
				COPY_PHASE_STRIP = YES;
				ENABLE_NS_ASSERTIONS = NO;
				ENABLE_STRICT_OBJC_MSGSEND = YES;
				GCC_C_LANGUAGE_STANDARD = gnu99;
				GCC_WARN_64_TO_32_BIT_CONVERSION = YES;
				GCC_WARN_ABOUT_RETURN_TYPE = YES_ERROR;
				GCC_WARN_UNDECLARED_SELECTOR = YES;
				GCC_WARN_UNINITIALIZED_AUTOS = YES_AGGRESSIVE;
				GCC_WARN_UNUSED_FUNCTION = YES;
				GCC_WARN_UNUSED_VARIABLE = YES;
				IPHONEOS_DEPLOYMENT_TARGET = 8.0;
				METAL_ENABLE_DEBUG_INFO = NO;
				SDKROOT = iphoneos;
				VALIDATE_PRODUCT = YES;
			};
			name = Release;
		};
		ED3659BC19647E1F006AF9E5 /* Debug */ = {
			isa = XCBuildConfiguration;
			buildSettings = {
				ASSETCATALOG_COMPILER_APPICON_NAME = AppIcon;
				ASSETCATALOG_COMPILER_LAUNCHIMAGE_NAME = LaunchImage;
				INFOPLIST_FILE = GyroTest/Info.plist;
				LD_RUNPATH_SEARCH_PATHS = "$(inherited) @executable_path/Frameworks";
				PRODUCT_NAME = "$(TARGET_NAME)";
			};
			name = Debug;
		};
		ED3659BD19647E1F006AF9E5 /* Release */ = {
			isa = XCBuildConfiguration;
			buildSettings = {
				ASSETCATALOG_COMPILER_APPICON_NAME = AppIcon;
				ASSETCATALOG_COMPILER_LAUNCHIMAGE_NAME = LaunchImage;
				INFOPLIST_FILE = GyroTest/Info.plist;
				LD_RUNPATH_SEARCH_PATHS = "$(inherited) @executable_path/Frameworks";
				PRODUCT_NAME = "$(TARGET_NAME)";
			};
			name = Release;
		};
		ED3659BF19647E1F006AF9E5 /* Debug */ = {
			isa = XCBuildConfiguration;
			buildSettings = {
				BUNDLE_LOADER = "$(BUILT_PRODUCTS_DIR)/GyroTest.app/GyroTest";
				FRAMEWORK_SEARCH_PATHS = (
					"$(SDKROOT)/Developer/Library/Frameworks",
					"$(inherited)",
				);
				GCC_PREPROCESSOR_DEFINITIONS = (
					"DEBUG=1",
					"$(inherited)",
				);
				INFOPLIST_FILE = GyroTestTests/Info.plist;
				LD_RUNPATH_SEARCH_PATHS = "$(inherited) @executable_path/Frameworks @loader_path/Frameworks";
				METAL_ENABLE_DEBUG_INFO = YES;
				PRODUCT_NAME = "$(TARGET_NAME)";
				TEST_HOST = "$(BUNDLE_LOADER)";
			};
			name = Debug;
		};
		ED3659C019647E1F006AF9E5 /* Release */ = {
			isa = XCBuildConfiguration;
			buildSettings = {
				BUNDLE_LOADER = "$(BUILT_PRODUCTS_DIR)/GyroTest.app/GyroTest";
				FRAMEWORK_SEARCH_PATHS = (
					"$(SDKROOT)/Developer/Library/Frameworks",
					"$(inherited)",
				);
				INFOPLIST_FILE = GyroTestTests/Info.plist;
				LD_RUNPATH_SEARCH_PATHS = "$(inherited) @executable_path/Frameworks @loader_path/Frameworks";
				METAL_ENABLE_DEBUG_INFO = NO;
				PRODUCT_NAME = "$(TARGET_NAME)";
				TEST_HOST = "$(BUNDLE_LOADER)";
			};
			name = Release;
		};
/* End XCBuildConfiguration section */

/* Begin XCConfigurationList section */
		ED36599719647E1F006AF9E5 /* Build configuration list for PBXProject "GyroTest" */ = {
			isa = XCConfigurationList;
			buildConfigurations = (
				ED3659B919647E1F006AF9E5 /* Debug */,
				ED3659BA19647E1F006AF9E5 /* Release */,
			);
			defaultConfigurationIsVisible = 0;
			defaultConfigurationName = Release;
		};
		ED3659BB19647E1F006AF9E5 /* Build configuration list for PBXNativeTarget "GyroTest" */ = {
			isa = XCConfigurationList;
			buildConfigurations = (
				ED3659BC19647E1F006AF9E5 /* Debug */,
				ED3659BD19647E1F006AF9E5 /* Release */,
			);
			defaultConfigurationIsVisible = 0;
			defaultConfigurationName = Release;
		};
		ED3659BE19647E1F006AF9E5 /* Build configuration list for PBXNativeTarget "GyroTestTests" */ = {
			isa = XCConfigurationList;
			buildConfigurations = (
				ED3659BF19647E1F006AF9E5 /* Debug */,
				ED3659C019647E1F006AF9E5 /* Release */,
			);
			defaultConfigurationIsVisible = 0;
			defaultConfigurationName = Release;
		};
/* End XCConfigurationList section */

/* Begin XCVersionGroup section */
		ED3659A319647E1F006AF9E5 /* GyroTest.xcdatamodeld */ = {
			isa = XCVersionGroup;
			children = (
				ED3659A419647E1F006AF9E5 /* GyroTest.xcdatamodel */,
			);
			currentVersion = ED3659A419647E1F006AF9E5 /* GyroTest.xcdatamodel */;
			path = GyroTest.xcdatamodeld;
			sourceTree = "<group>";
			versionGroupType = wrapper.xcdatamodel;
		};
/* End XCVersionGroup section */
	};
	rootObject = ED36599419647E1F006AF9E5 /* Project object */;
}
